// !$*UTF8*$!
{
	archiveVersion = 1;
	classes = {
	};
	objectVersion = 55;
	objects = {

/* Begin PBXBuildFile section */
		C50EBF1328134B6B00ADD810 /* AppDelegate.swift in Sources */ = {isa = PBXBuildFile; fileRef = C50EBF1228134B6B00ADD810 /* AppDelegate.swift */; };
		C50EBF1528134B6B00ADD810 /* SceneDelegate.swift in Sources */ = {isa = PBXBuildFile; fileRef = C50EBF1428134B6B00ADD810 /* SceneDelegate.swift */; };
		C50EBF1728134B6B00ADD810 /* MainTabBarViewController.swift in Sources */ = {isa = PBXBuildFile; fileRef = C50EBF1628134B6B00ADD810 /* MainTabBarViewController.swift */; };
		C50EBF1C28134B6C00ADD810 /* Assets.xcassets in Resources */ = {isa = PBXBuildFile; fileRef = C50EBF1B28134B6C00ADD810 /* Assets.xcassets */; };
		C50EBF1F28134B6C00ADD810 /* LaunchScreen.storyboard in Resources */ = {isa = PBXBuildFile; fileRef = C50EBF1D28134B6C00ADD810 /* LaunchScreen.storyboard */; };
		C50EBF2828134D6C00ADD810 /* HomeViewController.swift in Sources */ = {isa = PBXBuildFile; fileRef = C50EBF2728134D6C00ADD810 /* HomeViewController.swift */; };
		C50EBF2A28134D8800ADD810 /* UpcomingViewController.swift in Sources */ = {isa = PBXBuildFile; fileRef = C50EBF2928134D8800ADD810 /* UpcomingViewController.swift */; };
		C50EBF2C28134D9A00ADD810 /* SearchViewController.swift in Sources */ = {isa = PBXBuildFile; fileRef = C50EBF2B28134D9A00ADD810 /* SearchViewController.swift */; };
		C50EBF2E28134DB900ADD810 /* DowloadsViewController.swift in Sources */ = {isa = PBXBuildFile; fileRef = C50EBF2D28134DB900ADD810 /* DowloadsViewController.swift */; };
		C50EBF352813552200ADD810 /* CollecitonViewTableViewCell.swift in Sources */ = {isa = PBXBuildFile; fileRef = C50EBF342813552200ADD810 /* CollecitonViewTableViewCell.swift */; };
		C50EBF37281360D700ADD810 /* HeroHeaderUIView.swift in Sources */ = {isa = PBXBuildFile; fileRef = C50EBF36281360D700ADD810 /* HeroHeaderUIView.swift */; };
		C5A8A11D28143527003ED5AB /* APICaller.swift in Sources */ = {isa = PBXBuildFile; fileRef = C5A8A11C28143527003ED5AB /* APICaller.swift */; };
		C5A8A11F28143582003ED5AB /* Title.swift in Sources */ = {isa = PBXBuildFile; fileRef = C5A8A11E28143582003ED5AB /* Title.swift */; };
		C5A8A1212814383D003ED5AB /* Extension.swift in Sources */ = {isa = PBXBuildFile; fileRef = C5A8A1202814383D003ED5AB /* Extension.swift */; };
		C5A8A123281441F8003ED5AB /* TitleCollectionViewCell.swift in Sources */ = {isa = PBXBuildFile; fileRef = C5A8A122281441F8003ED5AB /* TitleCollectionViewCell.swift */; };
		C5A8A126281442C7003ED5AB /* SDWebImage in Frameworks */ = {isa = PBXBuildFile; productRef = C5A8A125281442C7003ED5AB /* SDWebImage */; };
		C5A8A128281442C7003ED5AB /* SDWebImageMapKit in Frameworks */ = {isa = PBXBuildFile; productRef = C5A8A127281442C7003ED5AB /* SDWebImageMapKit */; };
		C5A8A12A281450BE003ED5AB /* TitleTableViewCell.swift in Sources */ = {isa = PBXBuildFile; fileRef = C5A8A129281450BE003ED5AB /* TitleTableViewCell.swift */; };
		C5A8A12C2814520A003ED5AB /* TitleViewModel.swift in Sources */ = {isa = PBXBuildFile; fileRef = C5A8A12B2814520A003ED5AB /* TitleViewModel.swift */; };
/* End PBXBuildFile section */

/* Begin PBXFileReference section */
		C50EBF0F28134B6B00ADD810 /* Netflix Clone.app */ = {isa = PBXFileReference; explicitFileType = wrapper.application; includeInIndex = 0; path = "Netflix Clone.app"; sourceTree = BUILT_PRODUCTS_DIR; };
		C50EBF1228134B6B00ADD810 /* AppDelegate.swift */ = {isa = PBXFileReference; lastKnownFileType = sourcecode.swift; path = AppDelegate.swift; sourceTree = "<group>"; };
		C50EBF1428134B6B00ADD810 /* SceneDelegate.swift */ = {isa = PBXFileReference; lastKnownFileType = sourcecode.swift; path = SceneDelegate.swift; sourceTree = "<group>"; };
		C50EBF1628134B6B00ADD810 /* MainTabBarViewController.swift */ = {isa = PBXFileReference; lastKnownFileType = sourcecode.swift; path = MainTabBarViewController.swift; sourceTree = "<group>"; };
		C50EBF1B28134B6C00ADD810 /* Assets.xcassets */ = {isa = PBXFileReference; lastKnownFileType = folder.assetcatalog; path = Assets.xcassets; sourceTree = "<group>"; };
		C50EBF1E28134B6C00ADD810 /* Base */ = {isa = PBXFileReference; lastKnownFileType = file.storyboard; name = Base; path = Base.lproj/LaunchScreen.storyboard; sourceTree = "<group>"; };
		C50EBF2028134B6C00ADD810 /* Info.plist */ = {isa = PBXFileReference; lastKnownFileType = text.plist.xml; path = Info.plist; sourceTree = "<group>"; };
		C50EBF2728134D6C00ADD810 /* HomeViewController.swift */ = {isa = PBXFileReference; lastKnownFileType = sourcecode.swift; path = HomeViewController.swift; sourceTree = "<group>"; };
		C50EBF2928134D8800ADD810 /* UpcomingViewController.swift */ = {isa = PBXFileReference; lastKnownFileType = sourcecode.swift; path = UpcomingViewController.swift; sourceTree = "<group>"; };
		C50EBF2B28134D9A00ADD810 /* SearchViewController.swift */ = {isa = PBXFileReference; lastKnownFileType = sourcecode.swift; path = SearchViewController.swift; sourceTree = "<group>"; };
		C50EBF2D28134DB900ADD810 /* DowloadsViewController.swift */ = {isa = PBXFileReference; lastKnownFileType = sourcecode.swift; path = DowloadsViewController.swift; sourceTree = "<group>"; };
		C50EBF342813552200ADD810 /* CollecitonViewTableViewCell.swift */ = {isa = PBXFileReference; lastKnownFileType = sourcecode.swift; path = CollecitonViewTableViewCell.swift; sourceTree = "<group>"; };
		C50EBF36281360D700ADD810 /* HeroHeaderUIView.swift */ = {isa = PBXFileReference; lastKnownFileType = sourcecode.swift; path = HeroHeaderUIView.swift; sourceTree = "<group>"; };
		C5A8A11C28143527003ED5AB /* APICaller.swift */ = {isa = PBXFileReference; lastKnownFileType = sourcecode.swift; path = APICaller.swift; sourceTree = "<group>"; };
		C5A8A11E28143582003ED5AB /* Title.swift */ = {isa = PBXFileReference; lastKnownFileType = sourcecode.swift; path = Title.swift; sourceTree = "<group>"; };
		C5A8A1202814383D003ED5AB /* Extension.swift */ = {isa = PBXFileReference; lastKnownFileType = sourcecode.swift; path = Extension.swift; sourceTree = "<group>"; };
		C5A8A122281441F8003ED5AB /* TitleCollectionViewCell.swift */ = {isa = PBXFileReference; lastKnownFileType = sourcecode.swift; path = TitleCollectionViewCell.swift; sourceTree = "<group>"; };
		C5A8A129281450BE003ED5AB /* TitleTableViewCell.swift */ = {isa = PBXFileReference; lastKnownFileType = sourcecode.swift; path = TitleTableViewCell.swift; sourceTree = "<group>"; };
		C5A8A12B2814520A003ED5AB /* TitleViewModel.swift */ = {isa = PBXFileReference; lastKnownFileType = sourcecode.swift; path = TitleViewModel.swift; sourceTree = "<group>"; };
/* End PBXFileReference section */

/* Begin PBXFrameworksBuildPhase section */
		C50EBF0C28134B6B00ADD810 /* Frameworks */ = {
			isa = PBXFrameworksBuildPhase;
			buildActionMask = 2147483647;
			files = (
				C5A8A128281442C7003ED5AB /* SDWebImageMapKit in Frameworks */,
				C5A8A126281442C7003ED5AB /* SDWebImage in Frameworks */,
			);
			runOnlyForDeploymentPostprocessing = 0;
		};
/* End PBXFrameworksBuildPhase section */

/* Begin PBXGroup section */
		C50EBF0628134B6B00ADD810 = {
			isa = PBXGroup;
			children = (
				C50EBF1128134B6B00ADD810 /* Netflix Clone */,
				C50EBF1028134B6B00ADD810 /* Products */,
			);
			sourceTree = "<group>";
		};
		C50EBF1028134B6B00ADD810 /* Products */ = {
			isa = PBXGroup;
			children = (
				C50EBF0F28134B6B00ADD810 /* Netflix Clone.app */,
			);
			name = Products;
			sourceTree = "<group>";
		};
		C50EBF1128134B6B00ADD810 /* Netflix Clone */ = {
			isa = PBXGroup;
			children = (
				C50EBF33281354E000ADD810 /* Managers */,
				C50EBF32281354D700ADD810 /* Resources */,
				C50EBF31281354D500ADD810 /* Models */,
				C50EBF30281354D300ADD810 /* Views */,
				C50EBF2F281354D000ADD810 /* ViewModels */,
				C50EBF2628134D5500ADD810 /* Controllers */,
				C50EBF1228134B6B00ADD810 /* AppDelegate.swift */,
				C50EBF1428134B6B00ADD810 /* SceneDelegate.swift */,
				C50EBF1628134B6B00ADD810 /* MainTabBarViewController.swift */,
				C50EBF1B28134B6C00ADD810 /* Assets.xcassets */,
				C50EBF1D28134B6C00ADD810 /* LaunchScreen.storyboard */,
				C50EBF2028134B6C00ADD810 /* Info.plist */,
			);
			path = "Netflix Clone";
			sourceTree = "<group>";
		};
		C50EBF2628134D5500ADD810 /* Controllers */ = {
			isa = PBXGroup;
			children = (
				C50EBF2728134D6C00ADD810 /* HomeViewController.swift */,
				C50EBF2928134D8800ADD810 /* UpcomingViewController.swift */,
				C50EBF2B28134D9A00ADD810 /* SearchViewController.swift */,
				C50EBF2D28134DB900ADD810 /* DowloadsViewController.swift */,
			);
			path = Controllers;
			sourceTree = "<group>";
		};
		C50EBF2F281354D000ADD810 /* ViewModels */ = {
			isa = PBXGroup;
			children = (
				C5A8A12B2814520A003ED5AB /* TitleViewModel.swift */,
			);
			path = ViewModels;
			sourceTree = "<group>";
		};
		C50EBF30281354D300ADD810 /* Views */ = {
			isa = PBXGroup;
			children = (
				C50EBF342813552200ADD810 /* CollecitonViewTableViewCell.swift */,
				C50EBF36281360D700ADD810 /* HeroHeaderUIView.swift */,
				C5A8A122281441F8003ED5AB /* TitleCollectionViewCell.swift */,
				C5A8A129281450BE003ED5AB /* TitleTableViewCell.swift */,
			);
			path = Views;
			sourceTree = "<group>";
		};
		C50EBF31281354D500ADD810 /* Models */ = {
			isa = PBXGroup;
			children = (
				C5A8A11E28143582003ED5AB /* Title.swift */,
			);
			path = Models;
			sourceTree = "<group>";
		};
		C50EBF32281354D700ADD810 /* Resources */ = {
			isa = PBXGroup;
			children = (
				C5A8A1202814383D003ED5AB /* Extension.swift */,
			);
			path = Resources;
			sourceTree = "<group>";
		};
		C50EBF33281354E000ADD810 /* Managers */ = {
			isa = PBXGroup;
			children = (
				C5A8A11C28143527003ED5AB /* APICaller.swift */,
			);
			path = Managers;
			sourceTree = "<group>";
		};
/* End PBXGroup section */

/* Begin PBXNativeTarget section */
		C50EBF0E28134B6B00ADD810 /* Netflix Clone */ = {
			isa = PBXNativeTarget;
			buildConfigurationList = C50EBF2328134B6C00ADD810 /* Build configuration list for PBXNativeTarget "Netflix Clone" */;
			buildPhases = (
				C50EBF0B28134B6B00ADD810 /* Sources */,
				C50EBF0C28134B6B00ADD810 /* Frameworks */,
				C50EBF0D28134B6B00ADD810 /* Resources */,
			);
			buildRules = (
			);
			dependencies = (
			);
			name = "Netflix Clone";
			packageProductDependencies = (
				C5A8A125281442C7003ED5AB /* SDWebImage */,
				C5A8A127281442C7003ED5AB /* SDWebImageMapKit */,
			);
			productName = "Netflix Clone";
			productReference = C50EBF0F28134B6B00ADD810 /* Netflix Clone.app */;
			productType = "com.apple.product-type.application";
		};
/* End PBXNativeTarget section */

/* Begin PBXProject section */
		C50EBF0728134B6B00ADD810 /* Project object */ = {
			isa = PBXProject;
			attributes = {
				BuildIndependentTargetsInParallel = 1;
				LastSwiftUpdateCheck = 1320;
				LastUpgradeCheck = 1320;
				TargetAttributes = {
					C50EBF0E28134B6B00ADD810 = {
						CreatedOnToolsVersion = 13.2.1;
					};
				};
			};
			buildConfigurationList = C50EBF0A28134B6B00ADD810 /* Build configuration list for PBXProject "Netflix Clone" */;
			compatibilityVersion = "Xcode 13.0";
			developmentRegion = en;
			hasScannedForEncodings = 0;
			knownRegions = (
				en,
				Base,
			);
			mainGroup = C50EBF0628134B6B00ADD810;
			packageReferences = (
				C5A8A124281442C7003ED5AB /* XCRemoteSwiftPackageReference "SDWebImage" */,
			);
			productRefGroup = C50EBF1028134B6B00ADD810 /* Products */;
			projectDirPath = "";
			projectRoot = "";
			targets = (
				C50EBF0E28134B6B00ADD810 /* Netflix Clone */,
			);
		};
/* End PBXProject section */

/* Begin PBXResourcesBuildPhase section */
		C50EBF0D28134B6B00ADD810 /* Resources */ = {
			isa = PBXResourcesBuildPhase;
			buildActionMask = 2147483647;
			files = (
				C50EBF1F28134B6C00ADD810 /* LaunchScreen.storyboard in Resources */,
				C50EBF1C28134B6C00ADD810 /* Assets.xcassets in Resources */,
			);
			runOnlyForDeploymentPostprocessing = 0;
		};
/* End PBXResourcesBuildPhase section */

/* Begin PBXSourcesBuildPhase section */
		C50EBF0B28134B6B00ADD810 /* Sources */ = {
			isa = PBXSourcesBuildPhase;
			buildActionMask = 2147483647;
			files = (
				C5A8A12A281450BE003ED5AB /* TitleTableViewCell.swift in Sources */,
				C50EBF2C28134D9A00ADD810 /* SearchViewController.swift in Sources */,
				C5A8A123281441F8003ED5AB /* TitleCollectionViewCell.swift in Sources */,
				C50EBF2E28134DB900ADD810 /* DowloadsViewController.swift in Sources */,
				C50EBF352813552200ADD810 /* CollecitonViewTableViewCell.swift in Sources */,
				C5A8A1212814383D003ED5AB /* Extension.swift in Sources */,
				C5A8A11D28143527003ED5AB /* APICaller.swift in Sources */,
				C50EBF37281360D700ADD810 /* HeroHeaderUIView.swift in Sources */,
				C50EBF1728134B6B00ADD810 /* MainTabBarViewController.swift in Sources */,
				C50EBF1328134B6B00ADD810 /* AppDelegate.swift in Sources */,
				C50EBF1528134B6B00ADD810 /* SceneDelegate.swift in Sources */,
				C50EBF2A28134D8800ADD810 /* UpcomingViewController.swift in Sources */,
				C5A8A11F28143582003ED5AB /* Title.swift in Sources */,
				C50EBF2828134D6C00ADD810 /* HomeViewController.swift in Sources */,
				C5A8A12C2814520A003ED5AB /* TitleViewModel.swift in Sources */,
			);
			runOnlyForDeploymentPostprocessing = 0;
		};
/* End PBXSourcesBuildPhase section */

/* Begin PBXVariantGroup section */
		C50EBF1D28134B6C00ADD810 /* LaunchScreen.storyboard */ = {
			isa = PBXVariantGroup;
			children = (
				C50EBF1E28134B6C00ADD810 /* Base */,
			);
			name = LaunchScreen.storyboard;
			sourceTree = "<group>";
		};
/* End PBXVariantGroup section */

/* Begin XCBuildConfiguration section */
		C50EBF2128134B6C00ADD810 /* Debug */ = {
			isa = XCBuildConfiguration;
			buildSettings = {
				ALWAYS_SEARCH_USER_PATHS = NO;
				CLANG_ANALYZER_NONNULL = YES;
				CLANG_ANALYZER_NUMBER_OBJECT_CONVERSION = YES_AGGRESSIVE;
				CLANG_CXX_LANGUAGE_STANDARD = "gnu++17";
				CLANG_CXX_LIBRARY = "libc++";
				CLANG_ENABLE_MODULES = YES;
				CLANG_ENABLE_OBJC_ARC = YES;
				CLANG_ENABLE_OBJC_WEAK = YES;
				CLANG_WARN_BLOCK_CAPTURE_AUTORELEASING = YES;
				CLANG_WARN_BOOL_CONVERSION = YES;
				CLANG_WARN_COMMA = YES;
				CLANG_WARN_CONSTANT_CONVERSION = YES;
				CLANG_WARN_DEPRECATED_OBJC_IMPLEMENTATIONS = YES;
				CLANG_WARN_DIRECT_OBJC_ISA_USAGE = YES_ERROR;
				CLANG_WARN_DOCUMENTATION_COMMENTS = YES;
				CLANG_WARN_EMPTY_BODY = YES;
				CLANG_WARN_ENUM_CONVERSION = YES;
				CLANG_WARN_INFINITE_RECURSION = YES;
				CLANG_WARN_INT_CONVERSION = YES;
				CLANG_WARN_NON_LITERAL_NULL_CONVERSION = YES;
				CLANG_WARN_OBJC_IMPLICIT_RETAIN_SELF = YES;
				CLANG_WARN_OBJC_LITERAL_CONVERSION = YES;
				CLANG_WARN_OBJC_ROOT_CLASS = YES_ERROR;
				CLANG_WARN_QUOTED_INCLUDE_IN_FRAMEWORK_HEADER = YES;
				CLANG_WARN_RANGE_LOOP_ANALYSIS = YES;
				CLANG_WARN_STRICT_PROTOTYPES = YES;
				CLANG_WARN_SUSPICIOUS_MOVE = YES;
				CLANG_WARN_UNGUARDED_AVAILABILITY = YES_AGGRESSIVE;
				CLANG_WARN_UNREACHABLE_CODE = YES;
				CLANG_WARN__DUPLICATE_METHOD_MATCH = YES;
				COPY_PHASE_STRIP = NO;
				DEBUG_INFORMATION_FORMAT = dwarf;
				ENABLE_STRICT_OBJC_MSGSEND = YES;
				ENABLE_TESTABILITY = YES;
				GCC_C_LANGUAGE_STANDARD = gnu11;
				GCC_DYNAMIC_NO_PIC = NO;
				GCC_NO_COMMON_BLOCKS = YES;
				GCC_OPTIMIZATION_LEVEL = 0;
				GCC_PREPROCESSOR_DEFINITIONS = (
					"DEBUG=1",
					"$(inherited)",
				);
				GCC_WARN_64_TO_32_BIT_CONVERSION = YES;
				GCC_WARN_ABOUT_RETURN_TYPE = YES_ERROR;
				GCC_WARN_UNDECLARED_SELECTOR = YES;
				GCC_WARN_UNINITIALIZED_AUTOS = YES_AGGRESSIVE;
				GCC_WARN_UNUSED_FUNCTION = YES;
				GCC_WARN_UNUSED_VARIABLE = YES;
				IPHONEOS_DEPLOYMENT_TARGET = 15.2;
				MTL_ENABLE_DEBUG_INFO = INCLUDE_SOURCE;
				MTL_FAST_MATH = YES;
				ONLY_ACTIVE_ARCH = YES;
				SDKROOT = iphoneos;
				SWIFT_ACTIVE_COMPILATION_CONDITIONS = DEBUG;
				SWIFT_OPTIMIZATION_LEVEL = "-Onone";
			};
			name = Debug;
		};
		C50EBF2228134B6C00ADD810 /* Release */ = {
			isa = XCBuildConfiguration;
			buildSettings = {
				ALWAYS_SEARCH_USER_PATHS = NO;
				CLANG_ANALYZER_NONNULL = YES;
				CLANG_ANALYZER_NUMBER_OBJECT_CONVERSION = YES_AGGRESSIVE;
				CLANG_CXX_LANGUAGE_STANDARD = "gnu++17";
				CLANG_CXX_LIBRARY = "libc++";
				CLANG_ENABLE_MODULES = YES;
				CLANG_ENABLE_OBJC_ARC = YES;
				CLANG_ENABLE_OBJC_WEAK = YES;
				CLANG_WARN_BLOCK_CAPTURE_AUTORELEASING = YES;
				CLANG_WARN_BOOL_CONVERSION = YES;
				CLANG_WARN_COMMA = YES;
				CLANG_WARN_CONSTANT_CONVERSION = YES;
				CLANG_WARN_DEPRECATED_OBJC_IMPLEMENTATIONS = YES;
				CLANG_WARN_DIRECT_OBJC_ISA_USAGE = YES_ERROR;
				CLANG_WARN_DOCUMENTATION_COMMENTS = YES;
				CLANG_WARN_EMPTY_BODY = YES;
				CLANG_WARN_ENUM_CONVERSION = YES;
				CLANG_WARN_INFINITE_RECURSION = YES;
				CLANG_WARN_INT_CONVERSION = YES;
				CLANG_WARN_NON_LITERAL_NULL_CONVERSION = YES;
				CLANG_WARN_OBJC_IMPLICIT_RETAIN_SELF = YES;
				CLANG_WARN_OBJC_LITERAL_CONVERSION = YES;
				CLANG_WARN_OBJC_ROOT_CLASS = YES_ERROR;
				CLANG_WARN_QUOTED_INCLUDE_IN_FRAMEWORK_HEADER = YES;
				CLANG_WARN_RANGE_LOOP_ANALYSIS = YES;
				CLANG_WARN_STRICT_PROTOTYPES = YES;
				CLANG_WARN_SUSPICIOUS_MOVE = YES;
				CLANG_WARN_UNGUARDED_AVAILABILITY = YES_AGGRESSIVE;
				CLANG_WARN_UNREACHABLE_CODE = YES;
				CLANG_WARN__DUPLICATE_METHOD_MATCH = YES;
				COPY_PHASE_STRIP = NO;
				DEBUG_INFORMATION_FORMAT = "dwarf-with-dsym";
				ENABLE_NS_ASSERTIONS = NO;
				ENABLE_STRICT_OBJC_MSGSEND = YES;
				GCC_C_LANGUAGE_STANDARD = gnu11;
				GCC_NO_COMMON_BLOCKS = YES;
				GCC_WARN_64_TO_32_BIT_CONVERSION = YES;
				GCC_WARN_ABOUT_RETURN_TYPE = YES_ERROR;
				GCC_WARN_UNDECLARED_SELECTOR = YES;
				GCC_WARN_UNINITIALIZED_AUTOS = YES_AGGRESSIVE;
				GCC_WARN_UNUSED_FUNCTION = YES;
				GCC_WARN_UNUSED_VARIABLE = YES;
				IPHONEOS_DEPLOYMENT_TARGET = 15.2;
				MTL_ENABLE_DEBUG_INFO = NO;
				MTL_FAST_MATH = YES;
				SDKROOT = iphoneos;
				SWIFT_COMPILATION_MODE = wholemodule;
				SWIFT_OPTIMIZATION_LEVEL = "-O";
				VALIDATE_PRODUCT = YES;
			};
			name = Release;
		};
		C50EBF2428134B6C00ADD810 /* Debug */ = {
			isa = XCBuildConfiguration;
			buildSettings = {
				ASSETCATALOG_COMPILER_APPICON_NAME = AppIcon;
				ASSETCATALOG_COMPILER_GLOBAL_ACCENT_COLOR_NAME = AccentColor;
				CODE_SIGN_STYLE = Automatic;
				CURRENT_PROJECT_VERSION = 1;
				DEVELOPMENT_TEAM = H8M6HD4VMU;
				GENERATE_INFOPLIST_FILE = YES;
				INFOPLIST_FILE = "Netflix Clone/Info.plist";
				INFOPLIST_KEY_UIApplicationSupportsIndirectInputEvents = YES;
				INFOPLIST_KEY_UILaunchStoryboardName = LaunchScreen;
				INFOPLIST_KEY_UISupportedInterfaceOrientations_iPad = "UIInterfaceOrientationPortrait UIInterfaceOrientationPortraitUpsideDown UIInterfaceOrientationLandscapeLeft UIInterfaceOrientationLandscapeRight";
				INFOPLIST_KEY_UISupportedInterfaceOrientations_iPhone = "UIInterfaceOrientationPortrait UIInterfaceOrientationLandscapeLeft UIInterfaceOrientationLandscapeRight";
				LD_RUNPATH_SEARCH_PATHS = (
					"$(inherited)",
					"@executable_path/Frameworks",
				);
				MARKETING_VERSION = 1.0;
				PRODUCT_BUNDLE_IDENTIFIER = "com.mobile.Netflix-Clone";
				PRODUCT_NAME = "$(TARGET_NAME)";
				SWIFT_EMIT_LOC_STRINGS = YES;
				SWIFT_VERSION = 5.0;
				TARGETED_DEVICE_FAMILY = "1,2";
			};
			name = Debug;
		};
		C50EBF2528134B6C00ADD810 /* Release */ = {
			isa = XCBuildConfiguration;
			buildSettings = {
				ASSETCATALOG_COMPILER_APPICON_NAME = AppIcon;
				ASSETCATALOG_COMPILER_GLOBAL_ACCENT_COLOR_NAME = AccentColor;
				CODE_SIGN_STYLE = Automatic;
				CURRENT_PROJECT_VERSION = 1;
				DEVELOPMENT_TEAM = H8M6HD4VMU;
				GENERATE_INFOPLIST_FILE = YES;
				INFOPLIST_FILE = "Netflix Clone/Info.plist";
				INFOPLIST_KEY_UIApplicationSupportsIndirectInputEvents = YES;
				INFOPLIST_KEY_UILaunchStoryboardName = LaunchScreen;
				INFOPLIST_KEY_UISupportedInterfaceOrientations_iPad = "UIInterfaceOrientationPortrait UIInterfaceOrientationPortraitUpsideDown UIInterfaceOrientationLandscapeLeft UIInterfaceOrientationLandscapeRight";
				INFOPLIST_KEY_UISupportedInterfaceOrientations_iPhone = "UIInterfaceOrientationPortrait UIInterfaceOrientationLandscapeLeft UIInterfaceOrientationLandscapeRight";
				LD_RUNPATH_SEARCH_PATHS = (
					"$(inherited)",
					"@executable_path/Frameworks",
				);
				MARKETING_VERSION = 1.0;
				PRODUCT_BUNDLE_IDENTIFIER = "com.mobile.Netflix-Clone";
				PRODUCT_NAME = "$(TARGET_NAME)";
				SWIFT_EMIT_LOC_STRINGS = YES;
				SWIFT_VERSION = 5.0;
				TARGETED_DEVICE_FAMILY = "1,2";
			};
			name = Release;
		};
/* End XCBuildConfiguration section */

/* Begin XCConfigurationList section */
		C50EBF0A28134B6B00ADD810 /* Build configuration list for PBXProject "Netflix Clone" */ = {
			isa = XCConfigurationList;
			buildConfigurations = (
				C50EBF2128134B6C00ADD810 /* Debug */,
				C50EBF2228134B6C00ADD810 /* Release */,
			);
			defaultConfigurationIsVisible = 0;
			defaultConfigurationName = Release;
		};
		C50EBF2328134B6C00ADD810 /* Build configuration list for PBXNativeTarget "Netflix Clone" */ = {
			isa = XCConfigurationList;
			buildConfigurations = (
				C50EBF2428134B6C00ADD810 /* Debug */,
				C50EBF2528134B6C00ADD810 /* Release */,
			);
			defaultConfigurationIsVisible = 0;
			defaultConfigurationName = Release;
		};
/* End XCConfigurationList section */

/* Begin XCRemoteSwiftPackageReference section */
		C5A8A124281442C7003ED5AB /* XCRemoteSwiftPackageReference "SDWebImage" */ = {
			isa = XCRemoteSwiftPackageReference;
			repositoryURL = "https://github.com/SDWebImage/SDWebImage.git";
			requirement = {
				kind = upToNextMajorVersion;
				minimumVersion = 5.0.0;
			};
		};
/* End XCRemoteSwiftPackageReference section */

/* Begin XCSwiftPackageProductDependency section */
		C5A8A125281442C7003ED5AB /* SDWebImage */ = {
			isa = XCSwiftPackageProductDependency;
			package = C5A8A124281442C7003ED5AB /* XCRemoteSwiftPackageReference "SDWebImage" */;
			productName = SDWebImage;
		};
		C5A8A127281442C7003ED5AB /* SDWebImageMapKit */ = {
			isa = XCSwiftPackageProductDependency;
			package = C5A8A124281442C7003ED5AB /* XCRemoteSwiftPackageReference "SDWebImage" */;
			productName = SDWebImageMapKit;
		};
/* End XCSwiftPackageProductDependency section */
	};
	rootObject = C50EBF0728134B6B00ADD810 /* Project object */;
}
